
Microsoft Visual Studio Solution File, Format Version 12.00
# Visual Studio Version 17
VisualStudioVersion = 17.8.34525.116
MinimumVisualStudioVersion = 10.0.40219.1
Project("{FAE04EC0-301F-11D3-BF4B-00C04F79EFBC}") = "LoginAPI", "LoginAPI\LoginAPI.csproj", "{229EC586-19D6-4EBF-9FC7-4F2893177A97}"
EndProject
Project("{FAE04EC0-301F-11D3-BF4B-00C04F79EFBC}") = "Datos", "Datos\Datos.csproj", "{AF1E96E5-823C-4976-A92C-3EDDC42BBBBB}"
EndProject
Project("{FAE04EC0-301F-11D3-BF4B-00C04F79EFBC}") = "Entidades", "Entidades\Entidades.csproj", "{876A376E-6804-4D80-AB29-3D93E1240966}"
EndProject
Global
	GlobalSection(SolutionConfigurationPlatforms) = preSolution
		Debug|Any CPU = Debug|Any CPU
		Release|Any CPU = Release|Any CPU
	EndGlobalSection
	GlobalSection(ProjectConfigurationPlatforms) = postSolution
		{229EC586-19D6-4EBF-9FC7-4F2893177A97}.Debug|Any CPU.ActiveCfg = Debug|Any CPU
		{229EC586-19D6-4EBF-9FC7-4F2893177A97}.Debug|Any CPU.Build.0 = Debug|Any CPU
		{229EC586-19D6-4EBF-9FC7-4F2893177A97}.Release|Any CPU.ActiveCfg = Release|Any CPU
		{229EC586-19D6-4EBF-9FC7-4F2893177A97}.Release|Any CPU.Build.0 = Release|Any CPU
		{AF1E96E5-823C-4976-A92C-3EDDC42BBBBB}.Debug|Any CPU.ActiveCfg = Debug|Any CPU
		{AF1E96E5-823C-4976-A92C-3EDDC42BBBBB}.Debug|Any CPU.Build.0 = Debug|Any CPU
		{AF1E96E5-823C-4976-A92C-3EDDC42BBBBB}.Release|Any CPU.ActiveCfg = Release|Any CPU
		{AF1E96E5-823C-4976-A92C-3EDDC42BBBBB}.Release|Any CPU.Build.0 = Release|Any CPU
		{876A376E-6804-4D80-AB29-3D93E1240966}.Debug|Any CPU.ActiveCfg = Debug|Any CPU
		{876A376E-6804-4D80-AB29-3D93E1240966}.Debug|Any CPU.Build.0 = Debug|Any CPU
		{876A376E-6804-4D80-AB29-3D93E1240966}.Release|Any CPU.ActiveCfg = Release|Any CPU
		{876A376E-6804-4D80-AB29-3D93E1240966}.Release|Any CPU.Build.0 = Release|Any CPU
	EndGlobalSection
	GlobalSection(SolutionProperties) = preSolution
		HideSolutionNode = FALSE
	EndGlobalSection
	GlobalSection(ExtensibilityGlobals) = postSolution
		SolutionGuid = {A9256E61-3A31-45C3-A8DE-FB8AC06EEC3C}
	EndGlobalSection
EndGlobal
